
Microsoft Visual Studio Solution File, Format Version 12.00
# Visual Studio Version 17
VisualStudioVersion = 17.14.36221.1
MinimumVisualStudioVersion = 10.0.40219.1
Project("{FAE04EC0-301F-11D3-BF4B-00C04F79EFBC}") = "DriverTrack.Domain", "DriverTrack.Domain\DriverTrack.Domain.csproj", "{1E460920-76B3-4414-A676-CB6AD8AABC6F}"
EndProject
Project("{FAE04EC0-301F-11D3-BF4B-00C04F79EFBC}") = "DriverTrack.Application", "DriverTrack.Application\DriverTrack.Application.csproj", "{13A935F9-BD17-4C69-88D9-36DB69AA9FBA}"
EndProject
Project("{FAE04EC0-301F-11D3-BF4B-00C04F79EFBC}") = "DriverTrack.Infrastructure", "DriverTrack.Infrastructure\DriverTrack.Infrastructure.csproj", "{7A22D139-81DE-416F-B0C0-06356DB3EFA7}"
EndProject
Project("{FAE04EC0-301F-11D3-BF4B-00C04F79EFBC}") = "DriverTrack.WebAPI", "DriverTrack.WebAPI\DriverTrack.WebAPI.csproj", "{36AF466F-7A95-4C93-BFEB-F5C7D6BC6ADC}"
EndProject
Global
	GlobalSection(SolutionConfigurationPlatforms) = preSolution
		Debug|Any CPU = Debug|Any CPU
		Release|Any CPU = Release|Any CPU
	EndGlobalSection
	GlobalSection(ProjectConfigurationPlatforms) = postSolution
		{1E460920-76B3-4414-A676-CB6AD8AABC6F}.Debug|Any CPU.ActiveCfg = Debug|Any CPU
		{1E460920-76B3-4414-A676-CB6AD8AABC6F}.Debug|Any CPU.Build.0 = Debug|Any CPU
		{1E460920-76B3-4414-A676-CB6AD8AABC6F}.Release|Any CPU.ActiveCfg = Release|Any CPU
		{1E460920-76B3-4414-A676-CB6AD8AABC6F}.Release|Any CPU.Build.0 = Release|Any CPU
		{13A935F9-BD17-4C69-88D9-36DB69AA9FBA}.Debug|Any CPU.ActiveCfg = Debug|Any CPU
		{13A935F9-BD17-4C69-88D9-36DB69AA9FBA}.Debug|Any CPU.Build.0 = Debug|Any CPU
		{13A935F9-BD17-4C69-88D9-36DB69AA9FBA}.Release|Any CPU.ActiveCfg = Release|Any CPU
		{13A935F9-BD17-4C69-88D9-36DB69AA9FBA}.Release|Any CPU.Build.0 = Release|Any CPU
		{7A22D139-81DE-416F-B0C0-06356DB3EFA7}.Debug|Any CPU.ActiveCfg = Debug|Any CPU
		{7A22D139-81DE-416F-B0C0-06356DB3EFA7}.Debug|Any CPU.Build.0 = Debug|Any CPU
		{7A22D139-81DE-416F-B0C0-06356DB3EFA7}.Release|Any CPU.ActiveCfg = Release|Any CPU
		{7A22D139-81DE-416F-B0C0-06356DB3EFA7}.Release|Any CPU.Build.0 = Release|Any CPU
		{36AF466F-7A95-4C93-BFEB-F5C7D6BC6ADC}.Debug|Any CPU.ActiveCfg = Debug|Any CPU
		{36AF466F-7A95-4C93-BFEB-F5C7D6BC6ADC}.Debug|Any CPU.Build.0 = Debug|Any CPU
		{36AF466F-7A95-4C93-BFEB-F5C7D6BC6ADC}.Release|Any CPU.ActiveCfg = Release|Any CPU
		{36AF466F-7A95-4C93-BFEB-F5C7D6BC6ADC}.Release|Any CPU.Build.0 = Release|Any CPU
	EndGlobalSection
	GlobalSection(SolutionProperties) = preSolution
		HideSolutionNode = FALSE
	EndGlobalSection
	GlobalSection(ExtensibilityGlobals) = postSolution
		SolutionGuid = {A405E913-563F-49E2-B7AE-DF93999E8948}
	EndGlobalSection
EndGlobal
